
Microsoft Visual Studio Solution File, Format Version 12.00
# Visual Studio Version 16
VisualStudioVersion = 16.0.30717.126
MinimumVisualStudioVersion = 10.0.40219.1
Project("{FAE04EC0-301F-11D3-BF4B-00C04F79EFBC}") = "ApiTest", "ApiTest\ApiTest.csproj", "{06C4C47F-A67A-4769-BF0D-F2CC097184B5}"
EndProject
Global
	GlobalSection(SolutionConfigurationPlatforms) = preSolution
		Debug|Any CPU = Debug|Any CPU
		Release|Any CPU = Release|Any CPU
	EndGlobalSection
	GlobalSection(ProjectConfigurationPlatforms) = postSolution
		{06C4C47F-A67A-4769-BF0D-F2CC097184B5}.Debug|Any CPU.ActiveCfg = Debug|Any CPU
		{06C4C47F-A67A-4769-BF0D-F2CC097184B5}.Debug|Any CPU.Build.0 = Debug|Any CPU
		{06C4C47F-A67A-4769-BF0D-F2CC097184B5}.Release|Any CPU.ActiveCfg = Release|Any CPU
		{06C4C47F-A67A-4769-BF0D-F2CC097184B5}.Release|Any CPU.Build.0 = Release|Any CPU
	EndGlobalSection
	GlobalSection(SolutionProperties) = preSolution
		HideSolutionNode = FALSE
	EndGlobalSection
	GlobalSection(ExtensibilityGlobals) = postSolution
		SolutionGuid = {B715EB2C-8E03-407F-BC7F-AD22157ED0EF}
	EndGlobalSection
EndGlobal
